// !$*UTF8*$!
{
	archiveVersion = 1;
	classes = {
	};
	objectVersion = 77;
	objects = {

/* Begin PBXBuildFile section */
		492FA4A12EF3D933001746B7 /* FirebaseAI in Frameworks */ = {isa = PBXBuildFile; productRef = 492FA4A02EF3D933001746B7 /* FirebaseAI */; };
		492FA4A32EF3D933001746B7 /* FirebaseAnalytics in Frameworks */ = {isa = PBXBuildFile; productRef = 492FA4A22EF3D933001746B7 /* FirebaseAnalytics */; };
		492FA4A52EF3D933001746B7 /* FirebaseAuth in Frameworks */ = {isa = PBXBuildFile; productRef = 492FA4A42EF3D933001746B7 /* FirebaseAuth */; };
		492FA4A72EF3D933001746B7 /* FirebaseFirestore in Frameworks */ = {isa = PBXBuildFile; productRef = 492FA4A62EF3D933001746B7 /* FirebaseFirestore */; };
		492FA4A92EF3D933001746B7 /* FirebaseMessaging in Frameworks */ = {isa = PBXBuildFile; productRef = 492FA4A82EF3D933001746B7 /* FirebaseMessaging */; };
		492FA4B92EF3F8DD001746B7 /* FirebaseStorage in Frameworks */ = {isa = PBXBuildFile; productRef = 492FA4B82EF3F8DD001746B7 /* FirebaseStorage */; };
		492FA56B2EF482A9001746B7 /* Kingfisher in Frameworks */ = {isa = PBXBuildFile; productRef = 492FA56A2EF482A9001746B7 /* Kingfisher */; };
		492FA56E2EF482FD001746B7 /* DotLottie in Frameworks */ = {isa = PBXBuildFile; productRef = 492FA56D2EF482FD001746B7 /* DotLottie */; };
		494F75652EDF417300788DC7 /* Lottie in Frameworks */ = {isa = PBXBuildFile; productRef = 494F75642EDF417300788DC7 /* Lottie */; };
/* End PBXBuildFile section */

/* Begin PBXFileReference section */
		494F74D52EDDFB5800788DC7 /* DailyUS.app */ = {isa = PBXFileReference; explicitFileType = wrapper.application; includeInIndex = 0; path = DailyUS.app; sourceTree = BUILT_PRODUCTS_DIR; };
/* End PBXFileReference section */

/* Begin PBXFileSystemSynchronizedBuildFileExceptionSet section */
		492FA4BD2EF3F991001746B7 /* Exceptions for "DailyUS" folder in "DailyUS" target */ = {
			isa = PBXFileSystemSynchronizedBuildFileExceptionSet;
			membershipExceptions = (
				Backup/AppDelegate.swift,
			);
			target = 494F74D42EDDFB5800788DC7 /* DailyUS */;
		};
/* End PBXFileSystemSynchronizedBuildFileExceptionSet section */

/* Begin PBXFileSystemSynchronizedGroupBuildPhaseMembershipExceptionSet section */
		492FA4BE2EF3F991001746B7 /* Exceptions for "DailyUS" folder in "Copy Bundle Resources" phase from "DailyUS" target */ = {
			isa = PBXFileSystemSynchronizedGroupBuildPhaseMembershipExceptionSet;
			buildPhase = 494F74D32EDDFB5800788DC7 /* Resources */;
			membershipExceptions = (
				Backup/AppDelegate.swift,
			);
		};
/* End PBXFileSystemSynchronizedGroupBuildPhaseMembershipExceptionSet section */

/* Begin PBXFileSystemSynchronizedRootGroup section */
		494F74D72EDDFB5800788DC7 /* DailyUS */ = {
			isa = PBXFileSystemSynchronizedRootGroup;
			exceptions = (
				492FA4BD2EF3F991001746B7 /* Exceptions for "DailyUS" folder in "DailyUS" target */,
				492FA4BE2EF3F991001746B7 /* Exceptions for "DailyUS" folder in "Copy Bundle Resources" phase from "DailyUS" target */,
			);
			path = DailyUS;
			sourceTree = "<group>";
		};
/* End PBXFileSystemSynchronizedRootGroup section */

/* Begin PBXFrameworksBuildPhase section */
		494F74D22EDDFB5800788DC7 /* Frameworks */ = {
			isa = PBXFrameworksBuildPhase;
			buildActionMask = 2147483647;
			files = (
				492FA4A92EF3D933001746B7 /* FirebaseMessaging in Frameworks */,
				494F75652EDF417300788DC7 /* Lottie in Frameworks */,
				492FA4A12EF3D933001746B7 /* FirebaseAI in Frameworks */,
				492FA56B2EF482A9001746B7 /* Kingfisher in Frameworks */,
				492FA4A32EF3D933001746B7 /* FirebaseAnalytics in Frameworks */,
				492FA4A72EF3D933001746B7 /* FirebaseFirestore in Frameworks */,
				492FA4B92EF3F8DD001746B7 /* FirebaseStorage in Frameworks */,
				492FA4A52EF3D933001746B7 /* FirebaseAuth in Frameworks */,
				492FA56E2EF482FD001746B7 /* DotLottie in Frameworks */,
			);
			runOnlyForDeploymentPostprocessing = 0;
		};
/* End PBXFrameworksBuildPhase section */

/* Begin PBXGroup section */
		494F74CC2EDDFB5800788DC7 = {
			isa = PBXGroup;
			children = (
				494F74D72EDDFB5800788DC7 /* DailyUS */,
				494F75622EDF412F00788DC7 /* Frameworks */,
				494F74D62EDDFB5800788DC7 /* Products */,
			);
			sourceTree = "<group>";
		};
		494F74D62EDDFB5800788DC7 /* Products */ = {
			isa = PBXGroup;
			children = (
				494F74D52EDDFB5800788DC7 /* DailyUS.app */,
			);
			name = Products;
			sourceTree = "<group>";
		};
		494F75622EDF412F00788DC7 /* Frameworks */ = {
			isa = PBXGroup;
			children = (
			);
			name = Frameworks;
			sourceTree = "<group>";
		};
/* End PBXGroup section */

/* Begin PBXNativeTarget section */
		494F74D42EDDFB5800788DC7 /* DailyUS */ = {
			isa = PBXNativeTarget;
			buildConfigurationList = 494F74E02EDDFB5900788DC7 /* Build configuration list for PBXNativeTarget "DailyUS" */;
			buildPhases = (
				494F74D12EDDFB5800788DC7 /* Sources */,
				494F74D22EDDFB5800788DC7 /* Frameworks */,
				494F74D32EDDFB5800788DC7 /* Resources */,
			);
			buildRules = (
			);
			dependencies = (
			);
			fileSystemSynchronizedGroups = (
				494F74D72EDDFB5800788DC7 /* DailyUS */,
			);
			name = DailyUS;
			packageProductDependencies = (
				494F75642EDF417300788DC7 /* Lottie */,
				492FA4A02EF3D933001746B7 /* FirebaseAI */,
				492FA4A22EF3D933001746B7 /* FirebaseAnalytics */,
				492FA4A42EF3D933001746B7 /* FirebaseAuth */,
				492FA4A62EF3D933001746B7 /* FirebaseFirestore */,
				492FA4A82EF3D933001746B7 /* FirebaseMessaging */,
				492FA4B82EF3F8DD001746B7 /* FirebaseStorage */,
				492FA56A2EF482A9001746B7 /* Kingfisher */,
				492FA56D2EF482FD001746B7 /* DotLottie */,
			);
			productName = DailyUS;
			productReference = 494F74D52EDDFB5800788DC7 /* DailyUS.app */;
			productType = "com.apple.product-type.application";
		};
/* End PBXNativeTarget section */

/* Begin PBXProject section */
		494F74CD2EDDFB5800788DC7 /* Project object */ = {
			isa = PBXProject;
			attributes = {
				BuildIndependentTargetsInParallel = 1;
				LastSwiftUpdateCheck = 2600;
				LastUpgradeCheck = 2620;
				TargetAttributes = {
					494F74D42EDDFB5800788DC7 = {
						CreatedOnToolsVersion = 26.0;
					};
				};
			};
			buildConfigurationList = 494F74D02EDDFB5800788DC7 /* Build configuration list for PBXProject "DailyUS" */;
			developmentRegion = en;
			hasScannedForEncodings = 0;
			knownRegions = (
				en,
				Base,
			);
			mainGroup = 494F74CC2EDDFB5800788DC7;
			minimizedProjectReferenceProxies = 1;
			packageReferences = (
				494F75632EDF417300788DC7 /* XCRemoteSwiftPackageReference "lottie-ios" */,
				492FA49F2EF3D933001746B7 /* XCRemoteSwiftPackageReference "firebase-ios-sdk" */,
				492FA5692EF482A9001746B7 /* XCRemoteSwiftPackageReference "Kingfisher" */,
				492FA56C2EF482FD001746B7 /* XCRemoteSwiftPackageReference "dotlottie-ios" */,
			);
			preferredProjectObjectVersion = 77;
			productRefGroup = 494F74D62EDDFB5800788DC7 /* Products */;
			projectDirPath = "";
			projectRoot = "";
			targets = (
				494F74D42EDDFB5800788DC7 /* DailyUS */,
			);
		};
/* End PBXProject section */

/* Begin PBXResourcesBuildPhase section */
		494F74D32EDDFB5800788DC7 /* Resources */ = {
			isa = PBXResourcesBuildPhase;
			buildActionMask = 2147483647;
			files = (
			);
			runOnlyForDeploymentPostprocessing = 0;
		};
/* End PBXResourcesBuildPhase section */

/* Begin PBXSourcesBuildPhase section */
		494F74D12EDDFB5800788DC7 /* Sources */ = {
			isa = PBXSourcesBuildPhase;
			buildActionMask = 2147483647;
			files = (
			);
			runOnlyForDeploymentPostprocessing = 0;
		};
/* End PBXSourcesBuildPhase section */

/* Begin XCBuildConfiguration section */
		494F74DE2EDDFB5900788DC7 /* Debug */ = {
			isa = XCBuildConfiguration;
			buildSettings = {
				ALWAYS_SEARCH_USER_PATHS = NO;
				ASSETCATALOG_COMPILER_GENERATE_SWIFT_ASSET_SYMBOL_EXTENSIONS = YES;
				CLANG_ANALYZER_NONNULL = YES;
				CLANG_ANALYZER_NUMBER_OBJECT_CONVERSION = YES_AGGRESSIVE;
				CLANG_CXX_LANGUAGE_STANDARD = "gnu++20";
				CLANG_ENABLE_MODULES = YES;
				CLANG_ENABLE_OBJC_ARC = YES;
				CLANG_ENABLE_OBJC_WEAK = YES;
				CLANG_WARN_BLOCK_CAPTURE_AUTORELEASING = YES;
				CLANG_WARN_BOOL_CONVERSION = YES;
				CLANG_WARN_COMMA = YES;
				CLANG_WARN_CONSTANT_CONVERSION = YES;
				CLANG_WARN_DEPRECATED_OBJC_IMPLEMENTATIONS = YES;
				CLANG_WARN_DIRECT_OBJC_ISA_USAGE = YES_ERROR;
				CLANG_WARN_DOCUMENTATION_COMMENTS = YES;
				CLANG_WARN_EMPTY_BODY = YES;
				CLANG_WARN_ENUM_CONVERSION = YES;
				CLANG_WARN_INFINITE_RECURSION = YES;
				CLANG_WARN_INT_CONVERSION = YES;
				CLANG_WARN_NON_LITERAL_NULL_CONVERSION = YES;
				CLANG_WARN_OBJC_IMPLICIT_RETAIN_SELF = YES;
				CLANG_WARN_OBJC_LITERAL_CONVERSION = YES;
				CLANG_WARN_OBJC_ROOT_CLASS = YES_ERROR;
				CLANG_WARN_QUOTED_INCLUDE_IN_FRAMEWORK_HEADER = YES;
				CLANG_WARN_RANGE_LOOP_ANALYSIS = YES;
				CLANG_WARN_STRICT_PROTOTYPES = YES;
				CLANG_WARN_SUSPICIOUS_MOVE = YES;
				CLANG_WARN_UNGUARDED_AVAILABILITY = YES_AGGRESSIVE;
				CLANG_WARN_UNREACHABLE_CODE = YES;
				CLANG_WARN__DUPLICATE_METHOD_MATCH = YES;
				COPY_PHASE_STRIP = NO;
				DEBUG_INFORMATION_FORMAT = dwarf;
				DEVELOPMENT_TEAM = 2TJVX859JR;
				ENABLE_STRICT_OBJC_MSGSEND = YES;
				ENABLE_TESTABILITY = YES;
				ENABLE_USER_SCRIPT_SANDBOXING = YES;
				GCC_C_LANGUAGE_STANDARD = gnu17;
				GCC_DYNAMIC_NO_PIC = NO;
				GCC_NO_COMMON_BLOCKS = YES;
				GCC_OPTIMIZATION_LEVEL = 0;
				GCC_PREPROCESSOR_DEFINITIONS = (
					"DEBUG=1",
					"$(inherited)",
				);
				GCC_WARN_64_TO_32_BIT_CONVERSION = YES;
				GCC_WARN_ABOUT_RETURN_TYPE = YES_ERROR;
				GCC_WARN_UNDECLARED_SELECTOR = YES;
				GCC_WARN_UNINITIALIZED_AUTOS = YES_AGGRESSIVE;
				GCC_WARN_UNUSED_FUNCTION = YES;
				GCC_WARN_UNUSED_VARIABLE = YES;
				IPHONEOS_DEPLOYMENT_TARGET = 26.0;
				LOCALIZATION_PREFERS_STRING_CATALOGS = YES;
				MTL_ENABLE_DEBUG_INFO = INCLUDE_SOURCE;
				MTL_FAST_MATH = YES;
				ONLY_ACTIVE_ARCH = YES;
				SDKROOT = iphoneos;
				STRING_CATALOG_GENERATE_SYMBOLS = YES;
				SWIFT_ACTIVE_COMPILATION_CONDITIONS = "DEBUG $(inherited)";
				SWIFT_OPTIMIZATION_LEVEL = "-Onone";
			};
			name = Debug;
		};
		494F74DF2EDDFB5900788DC7 /* Release */ = {
			isa = XCBuildConfiguration;
			buildSettings = {
				ALWAYS_SEARCH_USER_PATHS = NO;
				ASSETCATALOG_COMPILER_GENERATE_SWIFT_ASSET_SYMBOL_EXTENSIONS = YES;
				CLANG_ANALYZER_NONNULL = YES;
				CLANG_ANALYZER_NUMBER_OBJECT_CONVERSION = YES_AGGRESSIVE;
				CLANG_CXX_LANGUAGE_STANDARD = "gnu++20";
				CLANG_ENABLE_MODULES = YES;
				CLANG_ENABLE_OBJC_ARC = YES;
				CLANG_ENABLE_OBJC_WEAK = YES;
				CLANG_WARN_BLOCK_CAPTURE_AUTORELEASING = YES;
				CLANG_WARN_BOOL_CONVERSION = YES;
				CLANG_WARN_COMMA = YES;
				CLANG_WARN_CONSTANT_CONVERSION = YES;
				CLANG_WARN_DEPRECATED_OBJC_IMPLEMENTATIONS = YES;
				CLANG_WARN_DIRECT_OBJC_ISA_USAGE = YES_ERROR;
				CLANG_WARN_DOCUMENTATION_COMMENTS = YES;
				CLANG_WARN_EMPTY_BODY = YES;
				CLANG_WARN_ENUM_CONVERSION = YES;
				CLANG_WARN_INFINITE_RECURSION = YES;
				CLANG_WARN_INT_CONVERSION = YES;
				CLANG_WARN_NON_LITERAL_NULL_CONVERSION = YES;
				CLANG_WARN_OBJC_IMPLICIT_RETAIN_SELF = YES;
				CLANG_WARN_OBJC_LITERAL_CONVERSION = YES;
				CLANG_WARN_OBJC_ROOT_CLASS = YES_ERROR;
				CLANG_WARN_QUOTED_INCLUDE_IN_FRAMEWORK_HEADER = YES;
				CLANG_WARN_RANGE_LOOP_ANALYSIS = YES;
				CLANG_WARN_STRICT_PROTOTYPES = YES;
				CLANG_WARN_SUSPICIOUS_MOVE = YES;
				CLANG_WARN_UNGUARDED_AVAILABILITY = YES_AGGRESSIVE;
				CLANG_WARN_UNREACHABLE_CODE = YES;
				CLANG_WARN__DUPLICATE_METHOD_MATCH = YES;
				COPY_PHASE_STRIP = NO;
				DEBUG_INFORMATION_FORMAT = "dwarf-with-dsym";
				DEVELOPMENT_TEAM = 2TJVX859JR;
				ENABLE_NS_ASSERTIONS = NO;
				ENABLE_STRICT_OBJC_MSGSEND = YES;
				ENABLE_USER_SCRIPT_SANDBOXING = YES;
				GCC_C_LANGUAGE_STANDARD = gnu17;
				GCC_NO_COMMON_BLOCKS = YES;
				GCC_WARN_64_TO_32_BIT_CONVERSION = YES;
				GCC_WARN_ABOUT_RETURN_TYPE = YES_ERROR;
				GCC_WARN_UNDECLARED_SELECTOR = YES;
				GCC_WARN_UNINITIALIZED_AUTOS = YES_AGGRESSIVE;
				GCC_WARN_UNUSED_FUNCTION = YES;
				GCC_WARN_UNUSED_VARIABLE = YES;
				IPHONEOS_DEPLOYMENT_TARGET = 26.0;
				LOCALIZATION_PREFERS_STRING_CATALOGS = YES;
				MTL_ENABLE_DEBUG_INFO = NO;
				MTL_FAST_MATH = YES;
				SDKROOT = iphoneos;
				STRING_CATALOG_GENERATE_SYMBOLS = YES;
				SWIFT_COMPILATION_MODE = wholemodule;
				VALIDATE_PRODUCT = YES;
			};
			name = Release;
		};
		494F74E12EDDFB5900788DC7 /* Debug */ = {
			isa = XCBuildConfiguration;
			buildSettings = {
				ASSETCATALOG_COMPILER_APPICON_NAME = AppIcon;
				ASSETCATALOG_COMPILER_GLOBAL_ACCENT_COLOR_NAME = AccentColor;
				CODE_SIGN_STYLE = Automatic;
				CURRENT_PROJECT_VERSION = 1;
				DEVELOPMENT_TEAM = 2TJVX859JR;
				ENABLE_PREVIEWS = YES;
				GENERATE_INFOPLIST_FILE = YES;
				INFOPLIST_KEY_UIApplicationSceneManifest_Generation = YES;
				INFOPLIST_KEY_UIApplicationSupportsIndirectInputEvents = YES;
				INFOPLIST_KEY_UILaunchScreen_Generation = YES;
				INFOPLIST_KEY_UISupportedInterfaceOrientations_iPad = "UIInterfaceOrientationPortrait UIInterfaceOrientationPortraitUpsideDown UIInterfaceOrientationLandscapeLeft UIInterfaceOrientationLandscapeRight";
				INFOPLIST_KEY_UISupportedInterfaceOrientations_iPhone = "UIInterfaceOrientationPortrait UIInterfaceOrientationLandscapeLeft UIInterfaceOrientationLandscapeRight";
				LD_RUNPATH_SEARCH_PATHS = (
					"$(inherited)",
					"@executable_path/Frameworks",
				);
				MARKETING_VERSION = 1.0;
				PRODUCT_BUNDLE_IDENTIFIER = Bill.DailyUS;
				PRODUCT_NAME = "$(TARGET_NAME)";
				STRING_CATALOG_GENERATE_SYMBOLS = YES;
				SWIFT_APPROACHABLE_CONCURRENCY = YES;
				SWIFT_DEFAULT_ACTOR_ISOLATION = MainActor;
				SWIFT_EMIT_LOC_STRINGS = YES;
				SWIFT_UPCOMING_FEATURE_MEMBER_IMPORT_VISIBILITY = YES;
				SWIFT_VERSION = 5.0;
				TARGETED_DEVICE_FAMILY = "1,2";
			};
			name = Debug;
		};
		494F74E22EDDFB5900788DC7 /* Release */ = {
			isa = XCBuildConfiguration;
			buildSettings = {
				ASSETCATALOG_COMPILER_APPICON_NAME = AppIcon;
				ASSETCATALOG_COMPILER_GLOBAL_ACCENT_COLOR_NAME = AccentColor;
				CODE_SIGN_STYLE = Automatic;
				CURRENT_PROJECT_VERSION = 1;
				DEVELOPMENT_TEAM = 2TJVX859JR;
				ENABLE_PREVIEWS = YES;
				GENERATE_INFOPLIST_FILE = YES;
				INFOPLIST_KEY_UIApplicationSceneManifest_Generation = YES;
				INFOPLIST_KEY_UIApplicationSupportsIndirectInputEvents = YES;
				INFOPLIST_KEY_UILaunchScreen_Generation = YES;
				INFOPLIST_KEY_UISupportedInterfaceOrientations_iPad = "UIInterfaceOrientationPortrait UIInterfaceOrientationPortraitUpsideDown UIInterfaceOrientationLandscapeLeft UIInterfaceOrientationLandscapeRight";
				INFOPLIST_KEY_UISupportedInterfaceOrientations_iPhone = "UIInterfaceOrientationPortrait UIInterfaceOrientationLandscapeLeft UIInterfaceOrientationLandscapeRight";
				LD_RUNPATH_SEARCH_PATHS = (
					"$(inherited)",
					"@executable_path/Frameworks",
				);
				MARKETING_VERSION = 1.0;
				PRODUCT_BUNDLE_IDENTIFIER = Bill.DailyUS;
				PRODUCT_NAME = "$(TARGET_NAME)";
				STRING_CATALOG_GENERATE_SYMBOLS = YES;
				SWIFT_APPROACHABLE_CONCURRENCY = YES;
				SWIFT_DEFAULT_ACTOR_ISOLATION = MainActor;
				SWIFT_EMIT_LOC_STRINGS = YES;
				SWIFT_UPCOMING_FEATURE_MEMBER_IMPORT_VISIBILITY = YES;
				SWIFT_VERSION = 5.0;
				TARGETED_DEVICE_FAMILY = "1,2";
			};
			name = Release;
		};
/* End XCBuildConfiguration section */

/* Begin XCConfigurationList section */
		494F74D02EDDFB5800788DC7 /* Build configuration list for PBXProject "DailyUS" */ = {
			isa = XCConfigurationList;
			buildConfigurations = (
				494F74DE2EDDFB5900788DC7 /* Debug */,
				494F74DF2EDDFB5900788DC7 /* Release */,
			);
			defaultConfigurationIsVisible = 0;
			defaultConfigurationName = Release;
		};
		494F74E02EDDFB5900788DC7 /* Build configuration list for PBXNativeTarget "DailyUS" */ = {
			isa = XCConfigurationList;
			buildConfigurations = (
				494F74E12EDDFB5900788DC7 /* Debug */,
				494F74E22EDDFB5900788DC7 /* Release */,
			);
			defaultConfigurationIsVisible = 0;
			defaultConfigurationName = Release;
		};
/* End XCConfigurationList section */

/* Begin XCRemoteSwiftPackageReference section */
		492FA49F2EF3D933001746B7 /* XCRemoteSwiftPackageReference "firebase-ios-sdk" */ = {
			isa = XCRemoteSwiftPackageReference;
			repositoryURL = "https://github.com/firebase/firebase-ios-sdk";
			requirement = {
				kind = upToNextMajorVersion;
				minimumVersion = 12.7.0;
			};
		};
		492FA5692EF482A9001746B7 /* XCRemoteSwiftPackageReference "Kingfisher" */ = {
			isa = XCRemoteSwiftPackageReference;
			repositoryURL = "https://github.com/onevcat/Kingfisher.git";
			requirement = {
				kind = upToNextMajorVersion;
				minimumVersion = 8.6.2;
			};
		};
		492FA56C2EF482FD001746B7 /* XCRemoteSwiftPackageReference "dotlottie-ios" */ = {
			isa = XCRemoteSwiftPackageReference;
			repositoryURL = "https://github.com/LottieFiles/dotlottie-ios";
			requirement = {
				branch = main;
				kind = branch;
			};
		};
		494F75632EDF417300788DC7 /* XCRemoteSwiftPackageReference "lottie-ios" */ = {
			isa = XCRemoteSwiftPackageReference;
			repositoryURL = "https://github.com/airbnb/lottie-ios";
			requirement = {
				kind = upToNextMajorVersion;
				minimumVersion = 4.5.2;
			};
		};
/* End XCRemoteSwiftPackageReference section */

/* Begin XCSwiftPackageProductDependency section */
		492FA4A02EF3D933001746B7 /* FirebaseAI */ = {
			isa = XCSwiftPackageProductDependency;
			package = 492FA49F2EF3D933001746B7 /* XCRemoteSwiftPackageReference "firebase-ios-sdk" */;
			productName = FirebaseAI;
		};
		492FA4A22EF3D933001746B7 /* FirebaseAnalytics */ = {
			isa = XCSwiftPackageProductDependency;
			package = 492FA49F2EF3D933001746B7 /* XCRemoteSwiftPackageReference "firebase-ios-sdk" */;
			productName = FirebaseAnalytics;
		};
		492FA4A42EF3D933001746B7 /* FirebaseAuth */ = {
			isa = XCSwiftPackageProductDependency;
			package = 492FA49F2EF3D933001746B7 /* XCRemoteSwiftPackageReference "firebase-ios-sdk" */;
			productName = FirebaseAuth;
		};
		492FA4A62EF3D933001746B7 /* FirebaseFirestore */ = {
			isa = XCSwiftPackageProductDependency;
			package = 492FA49F2EF3D933001746B7 /* XCRemoteSwiftPackageReference "firebase-ios-sdk" */;
			productName = FirebaseFirestore;
		};
		492FA4A82EF3D933001746B7 /* FirebaseMessaging */ = {
			isa = XCSwiftPackageProductDependency;
			package = 492FA49F2EF3D933001746B7 /* XCRemoteSwiftPackageReference "firebase-ios-sdk" */;
			productName = FirebaseMessaging;
		};
		492FA4B82EF3F8DD001746B7 /* FirebaseStorage */ = {
			isa = XCSwiftPackageProductDependency;
			package = 492FA49F2EF3D933001746B7 /* XCRemoteSwiftPackageReference "firebase-ios-sdk" */;
			productName = FirebaseStorage;
		};
		492FA56A2EF482A9001746B7 /* Kingfisher */ = {
			isa = XCSwiftPackageProductDependency;
			package = 492FA5692EF482A9001746B7 /* XCRemoteSwiftPackageReference "Kingfisher" */;
			productName = Kingfisher;
		};
		492FA56D2EF482FD001746B7 /* DotLottie */ = {
			isa = XCSwiftPackageProductDependency;
			package = 492FA56C2EF482FD001746B7 /* XCRemoteSwiftPackageReference "dotlottie-ios" */;
			productName = DotLottie;
		};
		494F75642EDF417300788DC7 /* Lottie */ = {
			isa = XCSwiftPackageProductDependency;
			package = 494F75632EDF417300788DC7 /* XCRemoteSwiftPackageReference "lottie-ios" */;
			productName = Lottie;
		};
/* End XCSwiftPackageProductDependency section */
	};
	rootObject = 494F74CD2EDDFB5800788DC7 /* Project object */;
}
